
Microsoft Visual Studio Solution File, Format Version 12.00
Project("{FAE04EC0-301F-11D3-BF4B-00C04F79EFBC}") = "Babylon.Alfred.Api", "Babylon.Alfred.Api\Babylon.Alfred.Api.csproj", "{C1DD4B30-293F-42BC-925B-9302DD4E814F}"
EndProject
Project("{2150E333-8FDC-42A3-9474-1A3956D46DE8}") = "Solution Items", "Solution Items", "{E01FA12D-EC43-4D42-91EC-7EA343186548}"
	ProjectSection(SolutionItems) = preProject
		docker-compose.yml = docker-compose.yml
	EndProjectSection
EndProject
Project("{FAE04EC0-301F-11D3-BF4B-00C04F79EFBC}") = "Babylon.Alfred.Api.Tests", "Babylon.Alfred.Api.Tests\Babylon.Alfred.Api.Tests.csproj", "{E037B86A-24DA-4F7F-BB94-68E2D05E7274}"
EndProject
Global
	GlobalSection(SolutionConfigurationPlatforms) = preSolution
		Debug|Any CPU = Debug|Any CPU
		Release|Any CPU = Release|Any CPU
	EndGlobalSection
	GlobalSection(ProjectConfigurationPlatforms) = postSolution
		{C1DD4B30-293F-42BC-925B-9302DD4E814F}.Debug|Any CPU.ActiveCfg = Debug|Any CPU
		{C1DD4B30-293F-42BC-925B-9302DD4E814F}.Debug|Any CPU.Build.0 = Debug|Any CPU
		{C1DD4B30-293F-42BC-925B-9302DD4E814F}.Release|Any CPU.ActiveCfg = Release|Any CPU
		{C1DD4B30-293F-42BC-925B-9302DD4E814F}.Release|Any CPU.Build.0 = Release|Any CPU
		{E037B86A-24DA-4F7F-BB94-68E2D05E7274}.Debug|Any CPU.ActiveCfg = Debug|Any CPU
		{E037B86A-24DA-4F7F-BB94-68E2D05E7274}.Debug|Any CPU.Build.0 = Debug|Any CPU
		{E037B86A-24DA-4F7F-BB94-68E2D05E7274}.Release|Any CPU.ActiveCfg = Release|Any CPU
		{E037B86A-24DA-4F7F-BB94-68E2D05E7274}.Release|Any CPU.Build.0 = Release|Any CPU
	EndGlobalSection
EndGlobal
